// !$*UTF8*$!
{
	archiveVersion = 1;
	classes = {
	};
	objectVersion = 50;
	objects = {

/* Begin PBXBuildFile section */
		646D0E302582608E00F220CD /* AppDelegate.swift in Sources */ = {isa = PBXBuildFile; fileRef = 646D0E2F2582608E00F220CD /* AppDelegate.swift */; };
		646D0E322582608E00F220CD /* SceneDelegate.swift in Sources */ = {isa = PBXBuildFile; fileRef = 646D0E312582608E00F220CD /* SceneDelegate.swift */; };
		646D0E372582608E00F220CD /* Main.storyboard in Resources */ = {isa = PBXBuildFile; fileRef = 646D0E352582608E00F220CD /* Main.storyboard */; };
		646D0E3C2582609300F220CD /* LaunchScreen.storyboard in Resources */ = {isa = PBXBuildFile; fileRef = 646D0E3A2582609300F220CD /* LaunchScreen.storyboard */; };
		646D0E51258261CF00F220CD /* PaintViewController.swift in Sources */ = {isa = PBXBuildFile; fileRef = 646D0E47258261CF00F220CD /* PaintViewController.swift */; };
		646D0E52258261CF00F220CD /* SettingsViewController.swift in Sources */ = {isa = PBXBuildFile; fileRef = 646D0E49258261CF00F220CD /* SettingsViewController.swift */; };
		646D0E53258261CF00F220CD /* UIColor.swift in Sources */ = {isa = PBXBuildFile; fileRef = 646D0E4B258261CF00F220CD /* UIColor.swift */; };
		646D0E54258261CF00F220CD /* CGPoint.swift in Sources */ = {isa = PBXBuildFile; fileRef = 646D0E4C258261CF00F220CD /* CGPoint.swift */; };
		646D0E55258261CF00F220CD /* Tool.swift in Sources */ = {isa = PBXBuildFile; fileRef = 646D0E4E258261CF00F220CD /* Tool.swift */; };
		646D0E56258261CF00F220CD /* Shape.swift in Sources */ = {isa = PBXBuildFile; fileRef = 646D0E4F258261CF00F220CD /* Shape.swift */; };
		646D0E57258261CF00F220CD /* Settings.swift in Sources */ = {isa = PBXBuildFile; fileRef = 646D0E50258261CF00F220CD /* Settings.swift */; };
		646D0E5A258261E900F220CD /* MaskedView.swift in Sources */ = {isa = PBXBuildFile; fileRef = 646D0E59258261E900F220CD /* MaskedView.swift */; };
		646D0E5D258262E400F220CD /* UIViewController.swift in Sources */ = {isa = PBXBuildFile; fileRef = 646D0E5C258262E400F220CD /* UIViewController.swift */; };
		646D0E602582640A00F220CD /* Assets.xcassets in Resources */ = {isa = PBXBuildFile; fileRef = 646D0E5F2582640A00F220CD /* Assets.xcassets */; };
/* End PBXBuildFile section */

/* Begin PBXFileReference section */
		646D0E2C2582608E00F220CD /* PAINT_VIOLA.app */ = {isa = PBXFileReference; explicitFileType = wrapper.application; includeInIndex = 0; path = PAINT_VIOLA.app; sourceTree = BUILT_PRODUCTS_DIR; };
		646D0E2F2582608E00F220CD /* AppDelegate.swift */ = {isa = PBXFileReference; lastKnownFileType = sourcecode.swift; path = AppDelegate.swift; sourceTree = "<group>"; };
		646D0E312582608E00F220CD /* SceneDelegate.swift */ = {isa = PBXFileReference; lastKnownFileType = sourcecode.swift; path = SceneDelegate.swift; sourceTree = "<group>"; };
		646D0E362582608E00F220CD /* Base */ = {isa = PBXFileReference; lastKnownFileType = file.storyboard; name = Base; path = Base.lproj/Main.storyboard; sourceTree = "<group>"; };
		646D0E3B2582609300F220CD /* Base */ = {isa = PBXFileReference; lastKnownFileType = file.storyboard; name = Base; path = Base.lproj/LaunchScreen.storyboard; sourceTree = "<group>"; };
		646D0E3D2582609300F220CD /* Info.plist */ = {isa = PBXFileReference; lastKnownFileType = text.plist.xml; path = Info.plist; sourceTree = "<group>"; };
		646D0E47258261CF00F220CD /* PaintViewController.swift */ = {isa = PBXFileReference; fileEncoding = 4; lastKnownFileType = sourcecode.swift; path = PaintViewController.swift; sourceTree = "<group>"; };
		646D0E49258261CF00F220CD /* SettingsViewController.swift */ = {isa = PBXFileReference; fileEncoding = 4; lastKnownFileType = sourcecode.swift; path = SettingsViewController.swift; sourceTree = "<group>"; };
		646D0E4B258261CF00F220CD /* UIColor.swift */ = {isa = PBXFileReference; fileEncoding = 4; lastKnownFileType = sourcecode.swift; path = UIColor.swift; sourceTree = "<group>"; };
		646D0E4C258261CF00F220CD /* CGPoint.swift */ = {isa = PBXFileReference; fileEncoding = 4; lastKnownFileType = sourcecode.swift; path = CGPoint.swift; sourceTree = "<group>"; };
		646D0E4E258261CF00F220CD /* Tool.swift */ = {isa = PBXFileReference; fileEncoding = 4; lastKnownFileType = sourcecode.swift; path = Tool.swift; sourceTree = "<group>"; };
		646D0E4F258261CF00F220CD /* Shape.swift */ = {isa = PBXFileReference; fileEncoding = 4; lastKnownFileType = sourcecode.swift; path = Shape.swift; sourceTree = "<group>"; };
		646D0E50258261CF00F220CD /* Settings.swift */ = {isa = PBXFileReference; fileEncoding = 4; lastKnownFileType = sourcecode.swift; path = Settings.swift; sourceTree = "<group>"; };
		646D0E59258261E900F220CD /* MaskedView.swift */ = {isa = PBXFileReference; fileEncoding = 4; lastKnownFileType = sourcecode.swift; path = MaskedView.swift; sourceTree = "<group>"; };
		646D0E5C258262E400F220CD /* UIViewController.swift */ = {isa = PBXFileReference; fileEncoding = 4; lastKnownFileType = sourcecode.swift; path = UIViewController.swift; sourceTree = "<group>"; };
		646D0E5F2582640A00F220CD /* Assets.xcassets */ = {isa = PBXFileReference; lastKnownFileType = folder.assetcatalog; path = Assets.xcassets; sourceTree = "<group>"; };
/* End PBXFileReference section */

/* Begin PBXFrameworksBuildPhase section */
		646D0E292582608E00F220CD /* Frameworks */ = {
			isa = PBXFrameworksBuildPhase;
			buildActionMask = 2147483647;
			files = (
			);
			runOnlyForDeploymentPostprocessing = 0;
		};
/* End PBXFrameworksBuildPhase section */

/* Begin PBXGroup section */
		646D0E232582608E00F220CD = {
			isa = PBXGroup;
			children = (
				646D0E2E2582608E00F220CD /* PAINT_VIOLA */,
				646D0E2D2582608E00F220CD /* Products */,
			);
			sourceTree = "<group>";
		};
		646D0E2D2582608E00F220CD /* Products */ = {
			isa = PBXGroup;
			children = (
				646D0E2C2582608E00F220CD /* PAINT_VIOLA.app */,
			);
			name = Products;
			sourceTree = "<group>";
		};
		646D0E2E2582608E00F220CD /* PAINT_VIOLA */ = {
			isa = PBXGroup;
			children = (
				646D0E862582A18700F220CD /* View */,
				646D0E45258261CF00F220CD /* Controller */,
				646D0E4D258261CF00F220CD /* Model */,
				646D0E4A258261CF00F220CD /* Extension */,
				646D0E842582A16900F220CD /* Support */,
				646D0E3D2582609300F220CD /* Info.plist */,
			);
			path = PAINT_VIOLA;
			sourceTree = "<group>";
		};
		646D0E45258261CF00F220CD /* Controller */ = {
			isa = PBXGroup;
			children = (
				646D0E46258261CF00F220CD /* Paint */,
				646D0E48258261CF00F220CD /* Settings */,
			);
			path = Controller;
			sourceTree = "<group>";
		};
		646D0E46258261CF00F220CD /* Paint */ = {
			isa = PBXGroup;
			children = (
				646D0E47258261CF00F220CD /* PaintViewController.swift */,
			);
			path = Paint;
			sourceTree = "<group>";
		};
		646D0E48258261CF00F220CD /* Settings */ = {
			isa = PBXGroup;
			children = (
				646D0E49258261CF00F220CD /* SettingsViewController.swift */,
			);
			path = Settings;
			sourceTree = "<group>";
		};
		646D0E4A258261CF00F220CD /* Extension */ = {
			isa = PBXGroup;
			children = (
				646D0E4B258261CF00F220CD /* UIColor.swift */,
				646D0E4C258261CF00F220CD /* CGPoint.swift */,
				646D0E5C258262E400F220CD /* UIViewController.swift */,
			);
			path = Extension;
			sourceTree = "<group>";
		};
		646D0E4D258261CF00F220CD /* Model */ = {
			isa = PBXGroup;
			children = (
				646D0E4E258261CF00F220CD /* Tool.swift */,
				646D0E4F258261CF00F220CD /* Shape.swift */,
				646D0E50258261CF00F220CD /* Settings.swift */,
			);
			path = Model;
			sourceTree = "<group>";
		};
		646D0E842582A16900F220CD /* Support */ = {
			isa = PBXGroup;
			children = (
				646D0E3A2582609300F220CD /* LaunchScreen.storyboard */,
				646D0E2F2582608E00F220CD /* AppDelegate.swift */,
				646D0E312582608E00F220CD /* SceneDelegate.swift */,
				646D0E5F2582640A00F220CD /* Assets.xcassets */,
			);
			path = Support;
			sourceTree = "<group>";
		};
		646D0E862582A18700F220CD /* View */ = {
			isa = PBXGroup;
			children = (
				646D0E352582608E00F220CD /* Main.storyboard */,
				646D0E59258261E900F220CD /* MaskedView.swift */,
			);
			path = View;
			sourceTree = "<group>";
		};
/* End PBXGroup section */

/* Begin PBXNativeTarget section */
		646D0E2B2582608E00F220CD /* PAINT_VIOLA */ = {
			isa = PBXNativeTarget;
			buildConfigurationList = 646D0E402582609300F220CD /* Build configuration list for PBXNativeTarget "PAINT_VIOLA" */;
			buildPhases = (
				646D0E282582608E00F220CD /* Sources */,
				646D0E292582608E00F220CD /* Frameworks */,
				646D0E2A2582608E00F220CD /* Resources */,
			);
			buildRules = (
			);
			dependencies = (
			);
			name = PAINT_VIOLA;
			productName = PAINT_VIOLA;
			productReference = 646D0E2C2582608E00F220CD /* PAINT_VIOLA.app */;
			productType = "com.apple.product-type.application";
		};
/* End PBXNativeTarget section */

/* Begin PBXProject section */
		646D0E242582608E00F220CD /* Project object */ = {
			isa = PBXProject;
			attributes = {
				LastSwiftUpdateCheck = 1220;
				LastUpgradeCheck = 1220;
				TargetAttributes = {
					646D0E2B2582608E00F220CD = {
						CreatedOnToolsVersion = 12.2;
					};
				};
			};
			buildConfigurationList = 646D0E272582608E00F220CD /* Build configuration list for PBXProject "PAINT_VIOLA" */;
			compatibilityVersion = "Xcode 9.3";
			developmentRegion = en;
			hasScannedForEncodings = 0;
			knownRegions = (
				en,
				Base,
			);
			mainGroup = 646D0E232582608E00F220CD;
			productRefGroup = 646D0E2D2582608E00F220CD /* Products */;
			projectDirPath = "";
			projectRoot = "";
			targets = (
				646D0E2B2582608E00F220CD /* PAINT_VIOLA */,
			);
		};
/* End PBXProject section */

/* Begin PBXResourcesBuildPhase section */
		646D0E2A2582608E00F220CD /* Resources */ = {
			isa = PBXResourcesBuildPhase;
			buildActionMask = 2147483647;
			files = (
				646D0E3C2582609300F220CD /* LaunchScreen.storyboard in Resources */,
				646D0E602582640A00F220CD /* Assets.xcassets in Resources */,
				646D0E372582608E00F220CD /* Main.storyboard in Resources */,
			);
			runOnlyForDeploymentPostprocessing = 0;
		};
/* End PBXResourcesBuildPhase section */

/* Begin PBXSourcesBuildPhase section */
		646D0E282582608E00F220CD /* Sources */ = {
			isa = PBXSourcesBuildPhase;
			buildActionMask = 2147483647;
			files = (
				646D0E302582608E00F220CD /* AppDelegate.swift in Sources */,
				646D0E51258261CF00F220CD /* PaintViewController.swift in Sources */,
				646D0E322582608E00F220CD /* SceneDelegate.swift in Sources */,
				646D0E5D258262E400F220CD /* UIViewController.swift in Sources */,
				646D0E55258261CF00F220CD /* Tool.swift in Sources */,
				646D0E52258261CF00F220CD /* SettingsViewController.swift in Sources */,
				646D0E5A258261E900F220CD /* MaskedView.swift in Sources */,
				646D0E54258261CF00F220CD /* CGPoint.swift in Sources */,
				646D0E57258261CF00F220CD /* Settings.swift in Sources */,
				646D0E53258261CF00F220CD /* UIColor.swift in Sources */,
				646D0E56258261CF00F220CD /* Shape.swift in Sources */,
			);
			runOnlyForDeploymentPostprocessing = 0;
		};
/* End PBXSourcesBuildPhase section */

/* Begin PBXVariantGroup section */
		646D0E352582608E00F220CD /* Main.storyboard */ = {
			isa = PBXVariantGroup;
			children = (
				646D0E362582608E00F220CD /* Base */,
			);
			name = Main.storyboard;
			sourceTree = "<group>";
		};
		646D0E3A2582609300F220CD /* LaunchScreen.storyboard */ = {
			isa = PBXVariantGroup;
			children = (
				646D0E3B2582609300F220CD /* Base */,
			);
			name = LaunchScreen.storyboard;
			sourceTree = "<group>";
		};
/* End PBXVariantGroup section */

/* Begin XCBuildConfiguration section */
		646D0E3E2582609300F220CD /* Debug */ = {
			isa = XCBuildConfiguration;
			buildSettings = {
				ALWAYS_SEARCH_USER_PATHS = NO;
				CLANG_ANALYZER_NONNULL = YES;
				CLANG_ANALYZER_NUMBER_OBJECT_CONVERSION = YES_AGGRESSIVE;
				CLANG_CXX_LANGUAGE_STANDARD = "gnu++14";
				CLANG_CXX_LIBRARY = "libc++";
				CLANG_ENABLE_MODULES = YES;
				CLANG_ENABLE_OBJC_ARC = YES;
				CLANG_ENABLE_OBJC_WEAK = YES;
				CLANG_WARN_BLOCK_CAPTURE_AUTORELEASING = YES;
				CLANG_WARN_BOOL_CONVERSION = YES;
				CLANG_WARN_COMMA = YES;
				CLANG_WARN_CONSTANT_CONVERSION = YES;
				CLANG_WARN_DEPRECATED_OBJC_IMPLEMENTATIONS = YES;
				CLANG_WARN_DIRECT_OBJC_ISA_USAGE = YES_ERROR;
				CLANG_WARN_DOCUMENTATION_COMMENTS = YES;
				CLANG_WARN_EMPTY_BODY = YES;
				CLANG_WARN_ENUM_CONVERSION = YES;
				CLANG_WARN_INFINITE_RECURSION = YES;
				CLANG_WARN_INT_CONVERSION = YES;
				CLANG_WARN_NON_LITERAL_NULL_CONVERSION = YES;
				CLANG_WARN_OBJC_IMPLICIT_RETAIN_SELF = YES;
				CLANG_WARN_OBJC_LITERAL_CONVERSION = YES;
				CLANG_WARN_OBJC_ROOT_CLASS = YES_ERROR;
				CLANG_WARN_QUOTED_INCLUDE_IN_FRAMEWORK_HEADER = YES;
				CLANG_WARN_RANGE_LOOP_ANALYSIS = YES;
				CLANG_WARN_STRICT_PROTOTYPES = YES;
				CLANG_WARN_SUSPICIOUS_MOVE = YES;
				CLANG_WARN_UNGUARDED_AVAILABILITY = YES_AGGRESSIVE;
				CLANG_WARN_UNREACHABLE_CODE = YES;
				CLANG_WARN__DUPLICATE_METHOD_MATCH = YES;
				COPY_PHASE_STRIP = NO;
				DEBUG_INFORMATION_FORMAT = dwarf;
				ENABLE_STRICT_OBJC_MSGSEND = YES;
				ENABLE_TESTABILITY = YES;
				GCC_C_LANGUAGE_STANDARD = gnu11;
				GCC_DYNAMIC_NO_PIC = NO;
				GCC_NO_COMMON_BLOCKS = YES;
				GCC_OPTIMIZATION_LEVEL = 0;
				GCC_PREPROCESSOR_DEFINITIONS = (
					"DEBUG=1",
					"$(inherited)",
				);
				GCC_WARN_64_TO_32_BIT_CONVERSION = YES;
				GCC_WARN_ABOUT_RETURN_TYPE = YES_ERROR;
				GCC_WARN_UNDECLARED_SELECTOR = YES;
				GCC_WARN_UNINITIALIZED_AUTOS = YES_AGGRESSIVE;
				GCC_WARN_UNUSED_FUNCTION = YES;
				GCC_WARN_UNUSED_VARIABLE = YES;
				IPHONEOS_DEPLOYMENT_TARGET = 14.2;
				MTL_ENABLE_DEBUG_INFO = INCLUDE_SOURCE;
				MTL_FAST_MATH = YES;
				ONLY_ACTIVE_ARCH = YES;
				SDKROOT = iphoneos;
				SWIFT_ACTIVE_COMPILATION_CONDITIONS = DEBUG;
				SWIFT_OPTIMIZATION_LEVEL = "-Onone";
			};
			name = Debug;
		};
		646D0E3F2582609300F220CD /* Release */ = {
			isa = XCBuildConfiguration;
			buildSettings = {
				ALWAYS_SEARCH_USER_PATHS = NO;
				CLANG_ANALYZER_NONNULL = YES;
				CLANG_ANALYZER_NUMBER_OBJECT_CONVERSION = YES_AGGRESSIVE;
				CLANG_CXX_LANGUAGE_STANDARD = "gnu++14";
				CLANG_CXX_LIBRARY = "libc++";
				CLANG_ENABLE_MODULES = YES;
				CLANG_ENABLE_OBJC_ARC = YES;
				CLANG_ENABLE_OBJC_WEAK = YES;
				CLANG_WARN_BLOCK_CAPTURE_AUTORELEASING = YES;
				CLANG_WARN_BOOL_CONVERSION = YES;
				CLANG_WARN_COMMA = YES;
				CLANG_WARN_CONSTANT_CONVERSION = YES;
				CLANG_WARN_DEPRECATED_OBJC_IMPLEMENTATIONS = YES;
				CLANG_WARN_DIRECT_OBJC_ISA_USAGE = YES_ERROR;
				CLANG_WARN_DOCUMENTATION_COMMENTS = YES;
				CLANG_WARN_EMPTY_BODY = YES;
				CLANG_WARN_ENUM_CONVERSION = YES;
				CLANG_WARN_INFINITE_RECURSION = YES;
				CLANG_WARN_INT_CONVERSION = YES;
				CLANG_WARN_NON_LITERAL_NULL_CONVERSION = YES;
				CLANG_WARN_OBJC_IMPLICIT_RETAIN_SELF = YES;
				CLANG_WARN_OBJC_LITERAL_CONVERSION = YES;
				CLANG_WARN_OBJC_ROOT_CLASS = YES_ERROR;
				CLANG_WARN_QUOTED_INCLUDE_IN_FRAMEWORK_HEADER = YES;
				CLANG_WARN_RANGE_LOOP_ANALYSIS = YES;
				CLANG_WARN_STRICT_PROTOTYPES = YES;
				CLANG_WARN_SUSPICIOUS_MOVE = YES;
				CLANG_WARN_UNGUARDED_AVAILABILITY = YES_AGGRESSIVE;
				CLANG_WARN_UNREACHABLE_CODE = YES;
				CLANG_WARN__DUPLICATE_METHOD_MATCH = YES;
				COPY_PHASE_STRIP = NO;
				DEBUG_INFORMATION_FORMAT = "dwarf-with-dsym";
				ENABLE_NS_ASSERTIONS = NO;
				ENABLE_STRICT_OBJC_MSGSEND = YES;
				GCC_C_LANGUAGE_STANDARD = gnu11;
				GCC_NO_COMMON_BLOCKS = YES;
				GCC_WARN_64_TO_32_BIT_CONVERSION = YES;
				GCC_WARN_ABOUT_RETURN_TYPE = YES_ERROR;
				GCC_WARN_UNDECLARED_SELECTOR = YES;
				GCC_WARN_UNINITIALIZED_AUTOS = YES_AGGRESSIVE;
				GCC_WARN_UNUSED_FUNCTION = YES;
				GCC_WARN_UNUSED_VARIABLE = YES;
				IPHONEOS_DEPLOYMENT_TARGET = 14.2;
				MTL_ENABLE_DEBUG_INFO = NO;
				MTL_FAST_MATH = YES;
				SDKROOT = iphoneos;
				SWIFT_COMPILATION_MODE = wholemodule;
				SWIFT_OPTIMIZATION_LEVEL = "-O";
				VALIDATE_PRODUCT = YES;
			};
			name = Release;
		};
		646D0E412582609300F220CD /* Debug */ = {
			isa = XCBuildConfiguration;
			buildSettings = {
				ASSETCATALOG_COMPILER_APPICON_NAME = AppIcon;
				ASSETCATALOG_COMPILER_GLOBAL_ACCENT_COLOR_NAME = AccentColor;
				CODE_SIGN_STYLE = Automatic;
				DEVELOPMENT_TEAM = W2TM28KZ59;
				INFOPLIST_FILE = PAINT_VIOLA/Info.plist;
				LD_RUNPATH_SEARCH_PATHS = (
					"$(inherited)",
					"@executable_path/Frameworks",
				);
				PRODUCT_BUNDLE_IDENTIFIER = "com.violastakhouskaya.PAINT-VIOLA";
				PRODUCT_NAME = "$(TARGET_NAME)";
				SWIFT_VERSION = 5.0;
				TARGETED_DEVICE_FAMILY = "1,2";
			};
			name = Debug;
		};
		646D0E422582609300F220CD /* Release */ = {
			isa = XCBuildConfiguration;
			buildSettings = {
				ASSETCATALOG_COMPILER_APPICON_NAME = AppIcon;
				ASSETCATALOG_COMPILER_GLOBAL_ACCENT_COLOR_NAME = AccentColor;
				CODE_SIGN_STYLE = Automatic;
				DEVELOPMENT_TEAM = W2TM28KZ59;
				INFOPLIST_FILE = PAINT_VIOLA/Info.plist;
				LD_RUNPATH_SEARCH_PATHS = (
					"$(inherited)",
					"@executable_path/Frameworks",
				);
				PRODUCT_BUNDLE_IDENTIFIER = "com.violastakhouskaya.PAINT-VIOLA";
				PRODUCT_NAME = "$(TARGET_NAME)";
				SWIFT_VERSION = 5.0;
				TARGETED_DEVICE_FAMILY = "1,2";
			};
			name = Release;
		};
/* End XCBuildConfiguration section */

/* Begin XCConfigurationList section */
		646D0E272582608E00F220CD /* Build configuration list for PBXProject "PAINT_VIOLA" */ = {
			isa = XCConfigurationList;
			buildConfigurations = (
				646D0E3E2582609300F220CD /* Debug */,
				646D0E3F2582609300F220CD /* Release */,
			);
			defaultConfigurationIsVisible = 0;
			defaultConfigurationName = Release;
		};
		646D0E402582609300F220CD /* Build configuration list for PBXNativeTarget "PAINT_VIOLA" */ = {
			isa = XCConfigurationList;
			buildConfigurations = (
				646D0E412582609300F220CD /* Debug */,
				646D0E422582609300F220CD /* Release */,
			);
			defaultConfigurationIsVisible = 0;
			defaultConfigurationName = Release;
		};
/* End XCConfigurationList section */
	};
	rootObject = 646D0E242582608E00F220CD /* Project object */;
}
