// !$*UTF8*$!
{
	archiveVersion = 1;
	classes = {
	};
	objectVersion = 50;
	objects = {

/* Begin PBXBuildFile section */
		647302C82566D5CE005DA654 /* AppDelegate.swift in Sources */ = {isa = PBXBuildFile; fileRef = 647302C72566D5CE005DA654 /* AppDelegate.swift */; };
		647302CA2566D5CE005DA654 /* SceneDelegate.swift in Sources */ = {isa = PBXBuildFile; fileRef = 647302C92566D5CE005DA654 /* SceneDelegate.swift */; };
		647302CC2566D5CE005DA654 /* ViewController.swift in Sources */ = {isa = PBXBuildFile; fileRef = 647302CB2566D5CE005DA654 /* ViewController.swift */; };
		647302CF2566D5CE005DA654 /* Main.storyboard in Resources */ = {isa = PBXBuildFile; fileRef = 647302CD2566D5CE005DA654 /* Main.storyboard */; };
		647302D12566D5D3005DA654 /* Assets.xcassets in Resources */ = {isa = PBXBuildFile; fileRef = 647302D02566D5D3005DA654 /* Assets.xcassets */; };
		647302D42566D5D3005DA654 /* LaunchScreen.storyboard in Resources */ = {isa = PBXBuildFile; fileRef = 647302D22566D5D3005DA654 /* LaunchScreen.storyboard */; };
		647302DC2566D8B5005DA654 /* GoogleService-Info.plist in Resources */ = {isa = PBXBuildFile; fileRef = 647302DB2566D8B4005DA654 /* GoogleService-Info.plist */; };
		B7E1F912E7EE8E5D4234729B /* Pods_quiz_Viola.framework in Frameworks */ = {isa = PBXBuildFile; fileRef = 00AA7D44FBAA52E1DC5F39E1 /* Pods_quiz_Viola.framework */; };
/* End PBXBuildFile section */

/* Begin PBXFileReference section */
		00AA7D44FBAA52E1DC5F39E1 /* Pods_quiz_Viola.framework */ = {isa = PBXFileReference; explicitFileType = wrapper.framework; includeInIndex = 0; path = Pods_quiz_Viola.framework; sourceTree = BUILT_PRODUCTS_DIR; };
		3C61061E5208F976BAEF7878 /* Pods-quiz_Viola.debug.xcconfig */ = {isa = PBXFileReference; includeInIndex = 1; lastKnownFileType = text.xcconfig; name = "Pods-quiz_Viola.debug.xcconfig"; path = "Target Support Files/Pods-quiz_Viola/Pods-quiz_Viola.debug.xcconfig"; sourceTree = "<group>"; };
		647302C42566D5CD005DA654 /* quiz_Viola.app */ = {isa = PBXFileReference; explicitFileType = wrapper.application; includeInIndex = 0; path = quiz_Viola.app; sourceTree = BUILT_PRODUCTS_DIR; };
		647302C72566D5CE005DA654 /* AppDelegate.swift */ = {isa = PBXFileReference; lastKnownFileType = sourcecode.swift; path = AppDelegate.swift; sourceTree = "<group>"; };
		647302C92566D5CE005DA654 /* SceneDelegate.swift */ = {isa = PBXFileReference; lastKnownFileType = sourcecode.swift; path = SceneDelegate.swift; sourceTree = "<group>"; };
		647302CB2566D5CE005DA654 /* ViewController.swift */ = {isa = PBXFileReference; lastKnownFileType = sourcecode.swift; path = ViewController.swift; sourceTree = "<group>"; };
		647302CE2566D5CE005DA654 /* Base */ = {isa = PBXFileReference; lastKnownFileType = file.storyboard; name = Base; path = Base.lproj/Main.storyboard; sourceTree = "<group>"; };
		647302D02566D5D3005DA654 /* Assets.xcassets */ = {isa = PBXFileReference; lastKnownFileType = folder.assetcatalog; path = Assets.xcassets; sourceTree = "<group>"; };
		647302D32566D5D3005DA654 /* Base */ = {isa = PBXFileReference; lastKnownFileType = file.storyboard; name = Base; path = Base.lproj/LaunchScreen.storyboard; sourceTree = "<group>"; };
		647302D52566D5D3005DA654 /* Info.plist */ = {isa = PBXFileReference; lastKnownFileType = text.plist.xml; path = Info.plist; sourceTree = "<group>"; };
		647302DB2566D8B4005DA654 /* GoogleService-Info.plist */ = {isa = PBXFileReference; fileEncoding = 4; lastKnownFileType = text.plist.xml; path = "GoogleService-Info.plist"; sourceTree = "<group>"; };
		AF2C9B7455BEB9CCB6D3C22E /* Pods-quiz_Viola.release.xcconfig */ = {isa = PBXFileReference; includeInIndex = 1; lastKnownFileType = text.xcconfig; name = "Pods-quiz_Viola.release.xcconfig"; path = "Target Support Files/Pods-quiz_Viola/Pods-quiz_Viola.release.xcconfig"; sourceTree = "<group>"; };
/* End PBXFileReference section */

/* Begin PBXFrameworksBuildPhase section */
		647302C12566D5CD005DA654 /* Frameworks */ = {
			isa = PBXFrameworksBuildPhase;
			buildActionMask = 2147483647;
			files = (
				B7E1F912E7EE8E5D4234729B /* Pods_quiz_Viola.framework in Frameworks */,
			);
			runOnlyForDeploymentPostprocessing = 0;
		};
/* End PBXFrameworksBuildPhase section */

/* Begin PBXGroup section */
		647302BB2566D5CD005DA654 = {
			isa = PBXGroup;
			children = (
				647302C62566D5CE005DA654 /* quiz_Viola */,
				647302C52566D5CD005DA654 /* Products */,
				FBF0EA9D82087E0EE5BD1A6D /* Pods */,
				858094E1FBCB2CA261885003 /* Frameworks */,
			);
			sourceTree = "<group>";
		};
		647302C52566D5CD005DA654 /* Products */ = {
			isa = PBXGroup;
			children = (
				647302C42566D5CD005DA654 /* quiz_Viola.app */,
			);
			name = Products;
			sourceTree = "<group>";
		};
		647302C62566D5CE005DA654 /* quiz_Viola */ = {
			isa = PBXGroup;
			children = (
				647302C72566D5CE005DA654 /* AppDelegate.swift */,
				647302C92566D5CE005DA654 /* SceneDelegate.swift */,
				647302CB2566D5CE005DA654 /* ViewController.swift */,
				647302CD2566D5CE005DA654 /* Main.storyboard */,
				647302D02566D5D3005DA654 /* Assets.xcassets */,
				647302D22566D5D3005DA654 /* LaunchScreen.storyboard */,
				647302D52566D5D3005DA654 /* Info.plist */,
				647302DB2566D8B4005DA654 /* GoogleService-Info.plist */,
			);
			path = quiz_Viola;
			sourceTree = "<group>";
		};
		858094E1FBCB2CA261885003 /* Frameworks */ = {
			isa = PBXGroup;
			children = (
				00AA7D44FBAA52E1DC5F39E1 /* Pods_quiz_Viola.framework */,
			);
			name = Frameworks;
			sourceTree = "<group>";
		};
		FBF0EA9D82087E0EE5BD1A6D /* Pods */ = {
			isa = PBXGroup;
			children = (
				3C61061E5208F976BAEF7878 /* Pods-quiz_Viola.debug.xcconfig */,
				AF2C9B7455BEB9CCB6D3C22E /* Pods-quiz_Viola.release.xcconfig */,
			);
			name = Pods;
			path = Pods;
			sourceTree = "<group>";
		};
/* End PBXGroup section */

/* Begin PBXNativeTarget section */
		647302C32566D5CD005DA654 /* quiz_Viola */ = {
			isa = PBXNativeTarget;
			buildConfigurationList = 647302D82566D5D3005DA654 /* Build configuration list for PBXNativeTarget "quiz_Viola" */;
			buildPhases = (
				5E4A86BD7037844D99EE21AD /* [CP] Check Pods Manifest.lock */,
				647302C02566D5CD005DA654 /* Sources */,
				647302C12566D5CD005DA654 /* Frameworks */,
				647302C22566D5CD005DA654 /* Resources */,
				9C0DEDF68DCDF57A1B162049 /* [CP] Embed Pods Frameworks */,
			);
			buildRules = (
			);
			dependencies = (
			);
			name = quiz_Viola;
			productName = quiz_Viola;
			productReference = 647302C42566D5CD005DA654 /* quiz_Viola.app */;
			productType = "com.apple.product-type.application";
		};
/* End PBXNativeTarget section */

/* Begin PBXProject section */
		647302BC2566D5CD005DA654 /* Project object */ = {
			isa = PBXProject;
			attributes = {
				LastSwiftUpdateCheck = 1140;
				LastUpgradeCheck = 1140;
				ORGANIZATIONNAME = "Viola Stakhouskaya";
				TargetAttributes = {
					647302C32566D5CD005DA654 = {
						CreatedOnToolsVersion = 11.4.1;
					};
				};
			};
			buildConfigurationList = 647302BF2566D5CD005DA654 /* Build configuration list for PBXProject "quiz_Viola" */;
			compatibilityVersion = "Xcode 9.3";
			developmentRegion = en;
			hasScannedForEncodings = 0;
			knownRegions = (
				en,
				Base,
			);
			mainGroup = 647302BB2566D5CD005DA654;
			productRefGroup = 647302C52566D5CD005DA654 /* Products */;
			projectDirPath = "";
			projectRoot = "";
			targets = (
				647302C32566D5CD005DA654 /* quiz_Viola */,
			);
		};
/* End PBXProject section */

/* Begin PBXResourcesBuildPhase section */
		647302C22566D5CD005DA654 /* Resources */ = {
			isa = PBXResourcesBuildPhase;
			buildActionMask = 2147483647;
			files = (
				647302D42566D5D3005DA654 /* LaunchScreen.storyboard in Resources */,
				647302DC2566D8B5005DA654 /* GoogleService-Info.plist in Resources */,
				647302D12566D5D3005DA654 /* Assets.xcassets in Resources */,
				647302CF2566D5CE005DA654 /* Main.storyboard in Resources */,
			);
			runOnlyForDeploymentPostprocessing = 0;
		};
/* End PBXResourcesBuildPhase section */

/* Begin PBXShellScriptBuildPhase section */
		5E4A86BD7037844D99EE21AD /* [CP] Check Pods Manifest.lock */ = {
			isa = PBXShellScriptBuildPhase;
			buildActionMask = 2147483647;
			files = (
			);
			inputFileListPaths = (
			);
			inputPaths = (
				"${PODS_PODFILE_DIR_PATH}/Podfile.lock",
				"${PODS_ROOT}/Manifest.lock",
			);
			name = "[CP] Check Pods Manifest.lock";
			outputFileListPaths = (
			);
			outputPaths = (
				"$(DERIVED_FILE_DIR)/Pods-quiz_Viola-checkManifestLockResult.txt",
			);
			runOnlyForDeploymentPostprocessing = 0;
			shellPath = /bin/sh;
			shellScript = "diff \"${PODS_PODFILE_DIR_PATH}/Podfile.lock\" \"${PODS_ROOT}/Manifest.lock\" > /dev/null\nif [ $? != 0 ] ; then\n    # print error to STDERR\n    echo \"error: The sandbox is not in sync with the Podfile.lock. Run 'pod install' or update your CocoaPods installation.\" >&2\n    exit 1\nfi\n# This output is used by Xcode 'outputs' to avoid re-running this script phase.\necho \"SUCCESS\" > \"${SCRIPT_OUTPUT_FILE_0}\"\n";
			showEnvVarsInLog = 0;
		};
		9C0DEDF68DCDF57A1B162049 /* [CP] Embed Pods Frameworks */ = {
			isa = PBXShellScriptBuildPhase;
			buildActionMask = 2147483647;
			files = (
			);
			inputFileListPaths = (
				"${PODS_ROOT}/Target Support Files/Pods-quiz_Viola/Pods-quiz_Viola-frameworks-${CONFIGURATION}-input-files.xcfilelist",
			);
			name = "[CP] Embed Pods Frameworks";
			outputFileListPaths = (
				"${PODS_ROOT}/Target Support Files/Pods-quiz_Viola/Pods-quiz_Viola-frameworks-${CONFIGURATION}-output-files.xcfilelist",
			);
			runOnlyForDeploymentPostprocessing = 0;
			shellPath = /bin/sh;
			shellScript = "\"${PODS_ROOT}/Target Support Files/Pods-quiz_Viola/Pods-quiz_Viola-frameworks.sh\"\n";
			showEnvVarsInLog = 0;
		};
/* End PBXShellScriptBuildPhase section */

/* Begin PBXSourcesBuildPhase section */
		647302C02566D5CD005DA654 /* Sources */ = {
			isa = PBXSourcesBuildPhase;
			buildActionMask = 2147483647;
			files = (
				647302CC2566D5CE005DA654 /* ViewController.swift in Sources */,
				647302C82566D5CE005DA654 /* AppDelegate.swift in Sources */,
				647302CA2566D5CE005DA654 /* SceneDelegate.swift in Sources */,
			);
			runOnlyForDeploymentPostprocessing = 0;
		};
/* End PBXSourcesBuildPhase section */

/* Begin PBXVariantGroup section */
		647302CD2566D5CE005DA654 /* Main.storyboard */ = {
			isa = PBXVariantGroup;
			children = (
				647302CE2566D5CE005DA654 /* Base */,
			);
			name = Main.storyboard;
			sourceTree = "<group>";
		};
		647302D22566D5D3005DA654 /* LaunchScreen.storyboard */ = {
			isa = PBXVariantGroup;
			children = (
				647302D32566D5D3005DA654 /* Base */,
			);
			name = LaunchScreen.storyboard;
			sourceTree = "<group>";
		};
/* End PBXVariantGroup section */

/* Begin XCBuildConfiguration section */
		647302D62566D5D3005DA654 /* Debug */ = {
			isa = XCBuildConfiguration;
			buildSettings = {
				ALWAYS_SEARCH_USER_PATHS = NO;
				CLANG_ANALYZER_NONNULL = YES;
				CLANG_ANALYZER_NUMBER_OBJECT_CONVERSION = YES_AGGRESSIVE;
				CLANG_CXX_LANGUAGE_STANDARD = "gnu++14";
				CLANG_CXX_LIBRARY = "libc++";
				CLANG_ENABLE_MODULES = YES;
				CLANG_ENABLE_OBJC_ARC = YES;
				CLANG_ENABLE_OBJC_WEAK = YES;
				CLANG_WARN_BLOCK_CAPTURE_AUTORELEASING = YES;
				CLANG_WARN_BOOL_CONVERSION = YES;
				CLANG_WARN_COMMA = YES;
				CLANG_WARN_CONSTANT_CONVERSION = YES;
				CLANG_WARN_DEPRECATED_OBJC_IMPLEMENTATIONS = YES;
				CLANG_WARN_DIRECT_OBJC_ISA_USAGE = YES_ERROR;
				CLANG_WARN_DOCUMENTATION_COMMENTS = YES;
				CLANG_WARN_EMPTY_BODY = YES;
				CLANG_WARN_ENUM_CONVERSION = YES;
				CLANG_WARN_INFINITE_RECURSION = YES;
				CLANG_WARN_INT_CONVERSION = YES;
				CLANG_WARN_NON_LITERAL_NULL_CONVERSION = YES;
				CLANG_WARN_OBJC_IMPLICIT_RETAIN_SELF = YES;
				CLANG_WARN_OBJC_LITERAL_CONVERSION = YES;
				CLANG_WARN_OBJC_ROOT_CLASS = YES_ERROR;
				CLANG_WARN_RANGE_LOOP_ANALYSIS = YES;
				CLANG_WARN_STRICT_PROTOTYPES = YES;
				CLANG_WARN_SUSPICIOUS_MOVE = YES;
				CLANG_WARN_UNGUARDED_AVAILABILITY = YES_AGGRESSIVE;
				CLANG_WARN_UNREACHABLE_CODE = YES;
				CLANG_WARN__DUPLICATE_METHOD_MATCH = YES;
				COPY_PHASE_STRIP = NO;
				DEBUG_INFORMATION_FORMAT = dwarf;
				ENABLE_STRICT_OBJC_MSGSEND = YES;
				ENABLE_TESTABILITY = YES;
				GCC_C_LANGUAGE_STANDARD = gnu11;
				GCC_DYNAMIC_NO_PIC = NO;
				GCC_NO_COMMON_BLOCKS = YES;
				GCC_OPTIMIZATION_LEVEL = 0;
				GCC_PREPROCESSOR_DEFINITIONS = (
					"DEBUG=1",
					"$(inherited)",
				);
				GCC_WARN_64_TO_32_BIT_CONVERSION = YES;
				GCC_WARN_ABOUT_RETURN_TYPE = YES_ERROR;
				GCC_WARN_UNDECLARED_SELECTOR = YES;
				GCC_WARN_UNINITIALIZED_AUTOS = YES_AGGRESSIVE;
				GCC_WARN_UNUSED_FUNCTION = YES;
				GCC_WARN_UNUSED_VARIABLE = YES;
				IPHONEOS_DEPLOYMENT_TARGET = 13.4;
				MTL_ENABLE_DEBUG_INFO = INCLUDE_SOURCE;
				MTL_FAST_MATH = YES;
				ONLY_ACTIVE_ARCH = YES;
				SDKROOT = iphoneos;
				SWIFT_ACTIVE_COMPILATION_CONDITIONS = DEBUG;
				SWIFT_OPTIMIZATION_LEVEL = "-Onone";
			};
			name = Debug;
		};
		647302D72566D5D3005DA654 /* Release */ = {
			isa = XCBuildConfiguration;
			buildSettings = {
				ALWAYS_SEARCH_USER_PATHS = NO;
				CLANG_ANALYZER_NONNULL = YES;
				CLANG_ANALYZER_NUMBER_OBJECT_CONVERSION = YES_AGGRESSIVE;
				CLANG_CXX_LANGUAGE_STANDARD = "gnu++14";
				CLANG_CXX_LIBRARY = "libc++";
				CLANG_ENABLE_MODULES = YES;
				CLANG_ENABLE_OBJC_ARC = YES;
				CLANG_ENABLE_OBJC_WEAK = YES;
				CLANG_WARN_BLOCK_CAPTURE_AUTORELEASING = YES;
				CLANG_WARN_BOOL_CONVERSION = YES;
				CLANG_WARN_COMMA = YES;
				CLANG_WARN_CONSTANT_CONVERSION = YES;
				CLANG_WARN_DEPRECATED_OBJC_IMPLEMENTATIONS = YES;
				CLANG_WARN_DIRECT_OBJC_ISA_USAGE = YES_ERROR;
				CLANG_WARN_DOCUMENTATION_COMMENTS = YES;
				CLANG_WARN_EMPTY_BODY = YES;
				CLANG_WARN_ENUM_CONVERSION = YES;
				CLANG_WARN_INFINITE_RECURSION = YES;
				CLANG_WARN_INT_CONVERSION = YES;
				CLANG_WARN_NON_LITERAL_NULL_CONVERSION = YES;
				CLANG_WARN_OBJC_IMPLICIT_RETAIN_SELF = YES;
				CLANG_WARN_OBJC_LITERAL_CONVERSION = YES;
				CLANG_WARN_OBJC_ROOT_CLASS = YES_ERROR;
				CLANG_WARN_RANGE_LOOP_ANALYSIS = YES;
				CLANG_WARN_STRICT_PROTOTYPES = YES;
				CLANG_WARN_SUSPICIOUS_MOVE = YES;
				CLANG_WARN_UNGUARDED_AVAILABILITY = YES_AGGRESSIVE;
				CLANG_WARN_UNREACHABLE_CODE = YES;
				CLANG_WARN__DUPLICATE_METHOD_MATCH = YES;
				COPY_PHASE_STRIP = NO;
				DEBUG_INFORMATION_FORMAT = "dwarf-with-dsym";
				ENABLE_NS_ASSERTIONS = NO;
				ENABLE_STRICT_OBJC_MSGSEND = YES;
				GCC_C_LANGUAGE_STANDARD = gnu11;
				GCC_NO_COMMON_BLOCKS = YES;
				GCC_WARN_64_TO_32_BIT_CONVERSION = YES;
				GCC_WARN_ABOUT_RETURN_TYPE = YES_ERROR;
				GCC_WARN_UNDECLARED_SELECTOR = YES;
				GCC_WARN_UNINITIALIZED_AUTOS = YES_AGGRESSIVE;
				GCC_WARN_UNUSED_FUNCTION = YES;
				GCC_WARN_UNUSED_VARIABLE = YES;
				IPHONEOS_DEPLOYMENT_TARGET = 13.4;
				MTL_ENABLE_DEBUG_INFO = NO;
				MTL_FAST_MATH = YES;
				SDKROOT = iphoneos;
				SWIFT_COMPILATION_MODE = wholemodule;
				SWIFT_OPTIMIZATION_LEVEL = "-O";
				VALIDATE_PRODUCT = YES;
			};
			name = Release;
		};
		647302D92566D5D3005DA654 /* Debug */ = {
			isa = XCBuildConfiguration;
			baseConfigurationReference = 3C61061E5208F976BAEF7878 /* Pods-quiz_Viola.debug.xcconfig */;
			buildSettings = {
				ASSETCATALOG_COMPILER_APPICON_NAME = AppIcon;
				CODE_SIGN_STYLE = Automatic;
				DEVELOPMENT_TEAM = W2TM28KZ59;
				INFOPLIST_FILE = quiz_Viola/Info.plist;
				LD_RUNPATH_SEARCH_PATHS = (
					"$(inherited)",
					"@executable_path/Frameworks",
				);
				PRODUCT_BUNDLE_IDENTIFIER = "com.violastakhouskaya.quiz-Viola";
				PRODUCT_NAME = "$(TARGET_NAME)";
				SWIFT_VERSION = 5.0;
				TARGETED_DEVICE_FAMILY = "1,2";
			};
			name = Debug;
		};
		647302DA2566D5D3005DA654 /* Release */ = {
			isa = XCBuildConfiguration;
			baseConfigurationReference = AF2C9B7455BEB9CCB6D3C22E /* Pods-quiz_Viola.release.xcconfig */;
			buildSettings = {
				ASSETCATALOG_COMPILER_APPICON_NAME = AppIcon;
				CODE_SIGN_STYLE = Automatic;
				DEVELOPMENT_TEAM = W2TM28KZ59;
				INFOPLIST_FILE = quiz_Viola/Info.plist;
				LD_RUNPATH_SEARCH_PATHS = (
					"$(inherited)",
					"@executable_path/Frameworks",
				);
				PRODUCT_BUNDLE_IDENTIFIER = "com.violastakhouskaya.quiz-Viola";
				PRODUCT_NAME = "$(TARGET_NAME)";
				SWIFT_VERSION = 5.0;
				TARGETED_DEVICE_FAMILY = "1,2";
			};
			name = Release;
		};
/* End XCBuildConfiguration section */

/* Begin XCConfigurationList section */
		647302BF2566D5CD005DA654 /* Build configuration list for PBXProject "quiz_Viola" */ = {
			isa = XCConfigurationList;
			buildConfigurations = (
				647302D62566D5D3005DA654 /* Debug */,
				647302D72566D5D3005DA654 /* Release */,
			);
			defaultConfigurationIsVisible = 0;
			defaultConfigurationName = Release;
		};
		647302D82566D5D3005DA654 /* Build configuration list for PBXNativeTarget "quiz_Viola" */ = {
			isa = XCConfigurationList;
			buildConfigurations = (
				647302D92566D5D3005DA654 /* Debug */,
				647302DA2566D5D3005DA654 /* Release */,
			);
			defaultConfigurationIsVisible = 0;
			defaultConfigurationName = Release;
		};
/* End XCConfigurationList section */
	};
	rootObject = 647302BC2566D5CD005DA654 /* Project object */;
}
